// !$*UTF8*$!
{
	archiveVersion = 1;
	classes = {
	};
	objectVersion = 46;
	objects = {

/* Begin PBXBuildFile section */
		4E7318081994B169005A82DC /* Foundation.framework in Frameworks */ = {isa = PBXBuildFile; fileRef = 4E7318071994B169005A82DC /* Foundation.framework */; };
		4E73180A1994B169005A82DC /* CoreGraphics.framework in Frameworks */ = {isa = PBXBuildFile; fileRef = 4E7318091994B169005A82DC /* CoreGraphics.framework */; };
		4E73180C1994B169005A82DC /* UIKit.framework in Frameworks */ = {isa = PBXBuildFile; fileRef = 4E73180B1994B169005A82DC /* UIKit.framework */; };
		4E7318121994B169005A82DC /* InfoPlist.strings in Resources */ = {isa = PBXBuildFile; fileRef = 4E7318101994B169005A82DC /* InfoPlist.strings */; };
		4E7318141994B169005A82DC /* main.m in Sources */ = {isa = PBXBuildFile; fileRef = 4E7318131994B169005A82DC /* main.m */; };
		4E7318181994B169005A82DC /* AppDelegate.m in Sources */ = {isa = PBXBuildFile; fileRef = 4E7318171994B169005A82DC /* AppDelegate.m */; };
		4E73181B1994B169005A82DC /* Main.storyboard in Resources */ = {isa = PBXBuildFile; fileRef = 4E7318191994B169005A82DC /* Main.storyboard */; };
		4E73181E1994B169005A82DC /* ViewController.m in Sources */ = {isa = PBXBuildFile; fileRef = 4E73181D1994B169005A82DC /* ViewController.m */; };
		4E7318201994B169005A82DC /* Images.xcassets in Resources */ = {isa = PBXBuildFile; fileRef = 4E73181F1994B169005A82DC /* Images.xcassets */; };
		4E7318271994B169005A82DC /* XCTest.framework in Frameworks */ = {isa = PBXBuildFile; fileRef = 4E7318261994B169005A82DC /* XCTest.framework */; };
		4E7318281994B169005A82DC /* Foundation.framework in Frameworks */ = {isa = PBXBuildFile; fileRef = 4E7318071994B169005A82DC /* Foundation.framework */; };
		4E7318291994B169005A82DC /* UIKit.framework in Frameworks */ = {isa = PBXBuildFile; fileRef = 4E73180B1994B169005A82DC /* UIKit.framework */; };
		4E7318311994B169005A82DC /* InfoPlist.strings in Resources */ = {isa = PBXBuildFile; fileRef = 4E73182F1994B169005A82DC /* InfoPlist.strings */; };
		4E7318331994B169005A82DC /* MyProjectTests.m in Sources */ = {isa = PBXBuildFile; fileRef = 4E7318321994B169005A82DC /* MyProjectTests.m */; };
		5C1E097DA4D44660B0076377 /* libPods-MyProject.a in Frameworks */ = {isa = PBXBuildFile; fileRef = BB85D73A2FB845C79AB19EBC /* libPods-MyProject.a */; };
/* End PBXBuildFile section */

/* Begin PBXContainerItemProxy section */
		4E73182A1994B169005A82DC /* PBXContainerItemProxy */ = {
			isa = PBXContainerItemProxy;
			containerPortal = 4E7317FC1994B169005A82DC /* Project object */;
			proxyType = 1;
			remoteGlobalIDString = 4E7318031994B169005A82DC;
			remoteInfo = MyProject;
		};
/* End PBXContainerItemProxy section */

/* Begin PBXFileReference section */
		4E7318041994B169005A82DC /* MyProject.app */ = {isa = PBXFileReference; explicitFileType = wrapper.application; includeInIndex = 0; path = MyProject.app; sourceTree = BUILT_PRODUCTS_DIR; };
		4E7318071994B169005A82DC /* Foundation.framework */ = {isa = PBXFileReference; lastKnownFileType = wrapper.framework; name = Foundation.framework; path = System/Library/Frameworks/Foundation.framework; sourceTree = SDKROOT; };
		4E7318091994B169005A82DC /* CoreGraphics.framework */ = {isa = PBXFileReference; lastKnownFileType = wrapper.framework; name = CoreGraphics.framework; path = System/Library/Frameworks/CoreGraphics.framework; sourceTree = SDKROOT; };
		4E73180B1994B169005A82DC /* UIKit.framework */ = {isa = PBXFileReference; lastKnownFileType = wrapper.framework; name = UIKit.framework; path = System/Library/Frameworks/UIKit.framework; sourceTree = SDKROOT; };
		4E73180F1994B169005A82DC /* MyProject-Info.plist */ = {isa = PBXFileReference; lastKnownFileType = text.plist.xml; path = "MyProject-Info.plist"; sourceTree = "<group>"; };
		4E7318111994B169005A82DC /* en */ = {isa = PBXFileReference; lastKnownFileType = text.plist.strings; name = en; path = en.lproj/InfoPlist.strings; sourceTree = "<group>"; };
		4E7318131994B169005A82DC /* main.m */ = {isa = PBXFileReference; lastKnownFileType = sourcecode.c.objc; path = main.m; sourceTree = "<group>"; };
		4E7318151994B169005A82DC /* MyProject-Prefix.pch */ = {isa = PBXFileReference; lastKnownFileType = sourcecode.c.h; path = "MyProject-Prefix.pch"; sourceTree = "<group>"; };
		4E7318161994B169005A82DC /* AppDelegate.h */ = {isa = PBXFileReference; lastKnownFileType = sourcecode.c.h; path = AppDelegate.h; sourceTree = "<group>"; };
		4E7318171994B169005A82DC /* AppDelegate.m */ = {isa = PBXFileReference; lastKnownFileType = sourcecode.c.objc; path = AppDelegate.m; sourceTree = "<group>"; };
		4E73181A1994B169005A82DC /* Base */ = {isa = PBXFileReference; lastKnownFileType = file.storyboard; name = Base; path = Base.lproj/Main.storyboard; sourceTree = "<group>"; };
		4E73181C1994B169005A82DC /* ViewController.h */ = {isa = PBXFileReference; lastKnownFileType = sourcecode.c.h; path = ViewController.h; sourceTree = "<group>"; };
		4E73181D1994B169005A82DC /* ViewController.m */ = {isa = PBXFileReference; lastKnownFileType = sourcecode.c.objc; path = ViewController.m; sourceTree = "<group>"; };
		4E73181F1994B169005A82DC /* Images.xcassets */ = {isa = PBXFileReference; lastKnownFileType = folder.assetcatalog; path = Images.xcassets; sourceTree = "<group>"; };
		4E7318251994B169005A82DC /* MyProjectTests.xctest */ = {isa = PBXFileReference; explicitFileType = wrapper.cfbundle; includeInIndex = 0; path = MyProjectTests.xctest; sourceTree = BUILT_PRODUCTS_DIR; };
		4E7318261994B169005A82DC /* XCTest.framework */ = {isa = PBXFileReference; lastKnownFileType = wrapper.framework; name = XCTest.framework; path = Library/Frameworks/XCTest.framework; sourceTree = DEVELOPER_DIR; };
		4E73182E1994B169005A82DC /* MyProjectTests-Info.plist */ = {isa = PBXFileReference; lastKnownFileType = text.plist.xml; path = "MyProjectTests-Info.plist"; sourceTree = "<group>"; };
		4E7318301994B169005A82DC /* en */ = {isa = PBXFileReference; lastKnownFileType = text.plist.strings; name = en; path = en.lproj/InfoPlist.strings; sourceTree = "<group>"; };
		4E7318321994B169005A82DC /* MyProjectTests.m */ = {isa = PBXFileReference; lastKnownFileType = sourcecode.c.objc; path = MyProjectTests.m; sourceTree = "<group>"; };
		BB85D73A2FB845C79AB19EBC /* libPods-MyProject.a */ = {isa = PBXFileReference; explicitFileType = archive.ar; includeInIndex = 0; path = "libPods-MyProject.a"; sourceTree = BUILT_PRODUCTS_DIR; };
		E1E2235F1D7847FF9562F3EE /* Pods-MyProject.xcconfig */ = {isa = PBXFileReference; includeInIndex = 1; lastKnownFileType = text.xcconfig; name = "Pods-MyProject.xcconfig"; path = "Pods/Pods-MyProject.xcconfig"; sourceTree = "<group>"; };
/* End PBXFileReference section */

/* Begin PBXFrameworksBuildPhase section */
		4E7318011994B169005A82DC /* Frameworks */ = {
			isa = PBXFrameworksBuildPhase;
			buildActionMask = 2147483647;
			files = (
				4E73180A1994B169005A82DC /* CoreGraphics.framework in Frameworks */,
				4E73180C1994B169005A82DC /* UIKit.framework in Frameworks */,
				4E7318081994B169005A82DC /* Foundation.framework in Frameworks */,
				5C1E097DA4D44660B0076377 /* libPods-MyProject.a in Frameworks */,
			);
			runOnlyForDeploymentPostprocessing = 0;
		};
		4E7318221994B169005A82DC /* Frameworks */ = {
			isa = PBXFrameworksBuildPhase;
			buildActionMask = 2147483647;
			files = (
				4E7318271994B169005A82DC /* XCTest.framework in Frameworks */,
				4E7318291994B169005A82DC /* UIKit.framework in Frameworks */,
				4E7318281994B169005A82DC /* Foundation.framework in Frameworks */,
			);
			runOnlyForDeploymentPostprocessing = 0;
		};
/* End PBXFrameworksBuildPhase section */

/* Begin PBXGroup section */
		4E7317FB1994B169005A82DC = {
			isa = PBXGroup;
			children = (
				4E73180D1994B169005A82DC /* MyProject */,
				4E73182C1994B169005A82DC /* MyProjectTests */,
				4E7318061994B169005A82DC /* Frameworks */,
				4E7318051994B169005A82DC /* Products */,
				E1E2235F1D7847FF9562F3EE /* Pods-MyProject.xcconfig */,
			);
			sourceTree = "<group>";
		};
		4E7318051994B169005A82DC /* Products */ = {
			isa = PBXGroup;
			children = (
				4E7318041994B169005A82DC /* MyProject.app */,
				4E7318251994B169005A82DC /* MyProjectTests.xctest */,
			);
			name = Products;
			sourceTree = "<group>";
		};
		4E7318061994B169005A82DC /* Frameworks */ = {
			isa = PBXGroup;
			children = (
				4E7318071994B169005A82DC /* Foundation.framework */,
				4E7318091994B169005A82DC /* CoreGraphics.framework */,
				4E73180B1994B169005A82DC /* UIKit.framework */,
				4E7318261994B169005A82DC /* XCTest.framework */,
				BB85D73A2FB845C79AB19EBC /* libPods-MyProject.a */,
			);
			name = Frameworks;
			sourceTree = "<group>";
		};
		4E73180D1994B169005A82DC /* MyProject */ = {
			isa = PBXGroup;
			children = (
				4E7318161994B169005A82DC /* AppDelegate.h */,
				4E7318171994B169005A82DC /* AppDelegate.m */,
				4E7318191994B169005A82DC /* Main.storyboard */,
				4E73181C1994B169005A82DC /* ViewController.h */,
				4E73181D1994B169005A82DC /* ViewController.m */,
				4E73181F1994B169005A82DC /* Images.xcassets */,
				4E73180E1994B169005A82DC /* Supporting Files */,
			);
			path = MyProject;
			sourceTree = "<group>";
		};
		4E73180E1994B169005A82DC /* Supporting Files */ = {
			isa = PBXGroup;
			children = (
				4E73180F1994B169005A82DC /* MyProject-Info.plist */,
				4E7318101994B169005A82DC /* InfoPlist.strings */,
				4E7318131994B169005A82DC /* main.m */,
				4E7318151994B169005A82DC /* MyProject-Prefix.pch */,
			);
			name = "Supporting Files";
			sourceTree = "<group>";
		};
		4E73182C1994B169005A82DC /* MyProjectTests */ = {
			isa = PBXGroup;
			children = (
				4E7318321994B169005A82DC /* MyProjectTests.m */,
				4E73182D1994B169005A82DC /* Supporting Files */,
			);
			path = MyProjectTests;
			sourceTree = "<group>";
		};
		4E73182D1994B169005A82DC /* Supporting Files */ = {
			isa = PBXGroup;
			children = (
				4E73182E1994B169005A82DC /* MyProjectTests-Info.plist */,
				4E73182F1994B169005A82DC /* InfoPlist.strings */,
			);
			name = "Supporting Files";
			sourceTree = "<group>";
		};
/* End PBXGroup section */

/* Begin PBXNativeTarget section */
		4E7318031994B169005A82DC /* MyProject */ = {
			isa = PBXNativeTarget;
			buildConfigurationList = 4E7318361994B169005A82DC /* Build configuration list for PBXNativeTarget "MyProject" */;
			buildPhases = (
				EACDFC0BDA8247E498416E10 /* Check Pods Manifest.lock */,
				4E7318001994B169005A82DC /* Sources */,
				4E7318011994B169005A82DC /* Frameworks */,
				4E7318021994B169005A82DC /* Resources */,
				922F146B4CA443C787801187 /* Copy Pods Resources */,
			);
			buildRules = (
			);
			dependencies = (
			);
			name = MyProject;
			productName = MyProject;
			productReference = 4E7318041994B169005A82DC /* MyProject.app */;
			productType = "com.apple.product-type.application";
		};
		4E7318241994B169005A82DC /* MyProjectTests */ = {
			isa = PBXNativeTarget;
			buildConfigurationList = 4E7318391994B169005A82DC /* Build configuration list for PBXNativeTarget "MyProjectTests" */;
			buildPhases = (
				4E7318211994B169005A82DC /* Sources */,
				4E7318221994B169005A82DC /* Frameworks */,
				4E7318231994B169005A82DC /* Resources */,
			);
			buildRules = (
			);
			dependencies = (
				4E73182B1994B169005A82DC /* PBXTargetDependency */,
			);
			name = MyProjectTests;
			productName = MyProjectTests;
			productReference = 4E7318251994B169005A82DC /* MyProjectTests.xctest */;
			productType = "com.apple.product-type.bundle.unit-test";
		};
/* End PBXNativeTarget section */

/* Begin PBXProject section */
		4E7317FC1994B169005A82DC /* Project object */ = {
			isa = PBXProject;
			attributes = {
				LastUpgradeCheck = 0510;
				ORGANIZATIONNAME = "JUE DUKE";
				TargetAttributes = {
					4E7318241994B169005A82DC = {
						TestTargetID = 4E7318031994B169005A82DC;
					};
				};
			};
			buildConfigurationList = 4E7317FF1994B169005A82DC /* Build configuration list for PBXProject "MyProject" */;
			compatibilityVersion = "Xcode 3.2";
			developmentRegion = English;
			hasScannedForEncodings = 0;
			knownRegions = (
				en,
				Base,
			);
			mainGroup = 4E7317FB1994B169005A82DC;
			productRefGroup = 4E7318051994B169005A82DC /* Products */;
			projectDirPath = "";
			projectRoot = "";
			targets = (
				4E7318031994B169005A82DC /* MyProject */,
				4E7318241994B169005A82DC /* MyProjectTests */,
			);
		};
/* End PBXProject section */

/* Begin PBXResourcesBuildPhase section */
		4E7318021994B169005A82DC /* Resources */ = {
			isa = PBXResourcesBuildPhase;
			buildActionMask = 2147483647;
			files = (
				4E7318201994B169005A82DC /* Images.xcassets in Resources */,
				4E7318121994B169005A82DC /* InfoPlist.strings in Resources */,
				4E73181B1994B169005A82DC /* Main.storyboard in Resources */,
			);
			runOnlyForDeploymentPostprocessing = 0;
		};
		4E7318231994B169005A82DC /* Resources */ = {
			isa = PBXResourcesBuildPhase;
			buildActionMask = 2147483647;
			files = (
				4E7318311994B169005A82DC /* InfoPlist.strings in Resources */,
			);
			runOnlyForDeploymentPostprocessing = 0;
		};
/* End PBXResourcesBuildPhase section */

/* Begin PBXShellScriptBuildPhase section */
		922F146B4CA443C787801187 /* Copy Pods Resources */ = {
			isa = PBXShellScriptBuildPhase;
			buildActionMask = 2147483647;
			files = (
			);
			inputPaths = (
			);
			name = "Copy Pods Resources";
			outputPaths = (
			);
			runOnlyForDeploymentPostprocessing = 0;
			shellPath = /bin/sh;
			shellScript = "\"${SRCROOT}/Pods/Pods-MyProject-resources.sh\"\n";
			showEnvVarsInLog = 0;
		};
		EACDFC0BDA8247E498416E10 /* Check Pods Manifest.lock */ = {
			isa = PBXShellScriptBuildPhase;
			buildActionMask = 2147483647;
			files = (
			);
			inputPaths = (
			);
			name = "Check Pods Manifest.lock";
			outputPaths = (
			);
			runOnlyForDeploymentPostprocessing = 0;
			shellPath = /bin/sh;
			shellScript = "diff \"${PODS_ROOT}/../Podfile.lock\" \"${PODS_ROOT}/Manifest.lock\" > /dev/null\nif [[ $? != 0 ]] ; then\n    cat << EOM\nerror: The sandbox is not in sync with the Podfile.lock. Run 'pod install' or update your CocoaPods installation.\nEOM\n    exit 1\nfi\n";
			showEnvVarsInLog = 0;
		};
/* End PBXShellScriptBuildPhase section */

/* Begin PBXSourcesBuildPhase section */
		4E7318001994B169005A82DC /* Sources */ = {
			isa = PBXSourcesBuildPhase;
			buildActionMask = 2147483647;
			files = (
				4E73181E1994B169005A82DC /* ViewController.m in Sources */,
				4E7318181994B169005A82DC /* AppDelegate.m in Sources */,
				4E7318141994B169005A82DC /* main.m in Sources */,
			);
			runOnlyForDeploymentPostprocessing = 0;
		};
		4E7318211994B169005A82DC /* Sources */ = {
			isa = PBXSourcesBuildPhase;
			buildActionMask = 2147483647;
			files = (
				4E7318331994B169005A82DC /* MyProjectTests.m in Sources */,
			);
			runOnlyForDeploymentPostprocessing = 0;
		};
/* End PBXSourcesBuildPhase section */

/* Begin PBXTargetDependency section */
		4E73182B1994B169005A82DC /* PBXTargetDependency */ = {
			isa = PBXTargetDependency;
			target = 4E7318031994B169005A82DC /* MyProject */;
			targetProxy = 4E73182A1994B169005A82DC /* PBXContainerItemProxy */;
		};
/* End PBXTargetDependency section */

/* Begin PBXVariantGroup section */
		4E7318101994B169005A82DC /* InfoPlist.strings */ = {
			isa = PBXVariantGroup;
			children = (
				4E7318111994B169005A82DC /* en */,
			);
			name = InfoPlist.strings;
			sourceTree = "<group>";
		};
		4E7318191994B169005A82DC /* Main.storyboard */ = {
			isa = PBXVariantGroup;
			children = (
				4E73181A1994B169005A82DC /* Base */,
			);
			name = Main.storyboard;
			sourceTree = "<group>";
		};
		4E73182F1994B169005A82DC /* InfoPlist.strings */ = {
			isa = PBXVariantGroup;
			children = (
				4E7318301994B169005A82DC /* en */,
			);
			name = InfoPlist.strings;
			sourceTree = "<group>";
		};
/* End PBXVariantGroup section */

/* Begin XCBuildConfiguration section */
		4E7318341994B169005A82DC /* Debug */ = {
			isa = XCBuildConfiguration;
			buildSettings = {
				ALWAYS_SEARCH_USER_PATHS = NO;
				CLANG_CXX_LANGUAGE_STANDARD = "gnu++0x";
				CLANG_CXX_LIBRARY = "libc++";
				CLANG_ENABLE_MODULES = YES;
				CLANG_ENABLE_OBJC_ARC = YES;
				CLANG_WARN_BOOL_CONVERSION = YES;
				CLANG_WARN_CONSTANT_CONVERSION = YES;
				CLANG_WARN_DIRECT_OBJC_ISA_USAGE = YES_ERROR;
				CLANG_WARN_EMPTY_BODY = YES;
				CLANG_WARN_ENUM_CONVERSION = YES;
				CLANG_WARN_INT_CONVERSION = YES;
				CLANG_WARN_OBJC_ROOT_CLASS = YES_ERROR;
				CLANG_WARN__DUPLICATE_METHOD_MATCH = YES;
				"CODE_SIGN_IDENTITY[sdk=iphoneos*]" = "iPhone Developer";
				COPY_PHASE_STRIP = NO;
				GCC_C_LANGUAGE_STANDARD = gnu99;
				GCC_DYNAMIC_NO_PIC = NO;
				GCC_OPTIMIZATION_LEVEL = 0;
				GCC_PREPROCESSOR_DEFINITIONS = (
					"DEBUG=1",
					"$(inherited)",
				);
				GCC_SYMBOLS_PRIVATE_EXTERN = NO;
				GCC_WARN_64_TO_32_BIT_CONVERSION = YES;
				GCC_WARN_ABOUT_RETURN_TYPE = YES_ERROR;
				GCC_WARN_UNDECLARED_SELECTOR = YES;
				GCC_WARN_UNINITIALIZED_AUTOS = YES_AGGRESSIVE;
				GCC_WARN_UNUSED_FUNCTION = YES;
				GCC_WARN_UNUSED_VARIABLE = YES;
				IPHONEOS_DEPLOYMENT_TARGET = 7.1;
				ONLY_ACTIVE_ARCH = YES;
				SDKROOT = iphoneos;
			};
			name = Debug;
		};
		4E7318351994B169005A82DC /* Release */ = {
			isa = XCBuildConfiguration;
			buildSettings = {
				ALWAYS_SEARCH_USER_PATHS = NO;
				CLANG_CXX_LANGUAGE_STANDARD = "gnu++0x";
				CLANG_CXX_LIBRARY = "libc++";
				CLANG_ENABLE_MODULES = YES;
				CLANG_ENABLE_OBJC_ARC = YES;
				CLANG_WARN_BOOL_CONVERSION = YES;
				CLANG_WARN_CONSTANT_CONVERSION = YES;
				CLANG_WARN_DIRECT_OBJC_ISA_USAGE = YES_ERROR;
				CLANG_WARN_EMPTY_BODY = YES;
				CLANG_WARN_ENUM_CONVERSION = YES;
				CLANG_WARN_INT_CONVERSION = YES;
				CLANG_WARN_OBJC_ROOT_CLASS = YES_ERROR;
				CLANG_WARN__DUPLICATE_METHOD_MATCH = YES;
				"CODE_SIGN_IDENTITY[sdk=iphoneos*]" = "iPhone Developer";
				COPY_PHASE_STRIP = YES;
				ENABLE_NS_ASSERTIONS = NO;
				GCC_C_LANGUAGE_STANDARD = gnu99;
				GCC_WARN_64_TO_32_BIT_CONVERSION = YES;
				GCC_WARN_ABOUT_RETURN_TYPE = YES_ERROR;
				GCC_WARN_UNDECLARED_SELECTOR = YES;
				GCC_WARN_UNINITIALIZED_AUTOS = YES_AGGRESSIVE;
				GCC_WARN_UNUSED_FUNCTION = YES;
				GCC_WARN_UNUSED_VARIABLE = YES;
				IPHONEOS_DEPLOYMENT_TARGET = 7.1;
				SDKROOT = iphoneos;
				VALIDATE_PRODUCT = YES;
			};
			name = Release;
		};
		4E7318371994B169005A82DC /* Debug */ = {
			isa = XCBuildConfiguration;
			baseConfigurationReference = E1E2235F1D7847FF9562F3EE /* Pods-MyProject.xcconfig */;
			buildSettings = {
				ASSETCATALOG_COMPILER_APPICON_NAME = AppIcon;
				ASSETCATALOG_COMPILER_LAUNCHIMAGE_NAME = LaunchImage;
				GCC_PRECOMPILE_PREFIX_HEADER = YES;
				GCC_PREFIX_HEADER = "MyProject/MyProject-Prefix.pch";
				INFOPLIST_FILE = "MyProject/MyProject-Info.plist";
				PRODUCT_NAME = "$(TARGET_NAME)";
				WRAPPER_EXTENSION = app;
			};
			name = Debug;
		};
		4E7318381994B169005A82DC /* Release */ = {
			isa = XCBuildConfiguration;
			baseConfigurationReference = E1E2235F1D7847FF9562F3EE /* Pods-MyProject.xcconfig */;
			buildSettings = {
				ASSETCATALOG_COMPILER_APPICON_NAME = AppIcon;
				ASSETCATALOG_COMPILER_LAUNCHIMAGE_NAME = LaunchImage;
				GCC_PRECOMPILE_PREFIX_HEADER = YES;
				GCC_PREFIX_HEADER = "MyProject/MyProject-Prefix.pch";
				INFOPLIST_FILE = "MyProject/MyProject-Info.plist";
				PRODUCT_NAME = "$(TARGET_NAME)";
				WRAPPER_EXTENSION = app;
			};
			name = Release;
		};
		4E73183A1994B169005A82DC /* Debug */ = {
			isa = XCBuildConfiguration;
			buildSettings = {
				BUNDLE_LOADER = "$(BUILT_PRODUCTS_DIR)/MyProject.app/MyProject";
				FRAMEWORK_SEARCH_PATHS = (
					"$(SDKROOT)/Developer/Library/Frameworks",
					"$(inherited)",
					"$(DEVELOPER_FRAMEWORKS_DIR)",
				);
				GCC_PRECOMPILE_PREFIX_HEADER = YES;
				GCC_PREFIX_HEADER = "MyProject/MyProject-Prefix.pch";
				GCC_PREPROCESSOR_DEFINITIONS = (
					"DEBUG=1",
					"$(inherited)",
				);
				INFOPLIST_FILE = "MyProjectTests/MyProjectTests-Info.plist";
				PRODUCT_NAME = "$(TARGET_NAME)";
				TEST_HOST = "$(BUNDLE_LOADER)";
				WRAPPER_EXTENSION = xctest;
			};
			name = Debug;
		};
		4E73183B1994B169005A82DC /* Release */ = {
			isa = XCBuildConfiguration;
			buildSettings = {
				BUNDLE_LOADER = "$(BUILT_PRODUCTS_DIR)/MyProject.app/MyProject";
				FRAMEWORK_SEARCH_PATHS = (
					"$(SDKROOT)/Developer/Library/Frameworks",
					"$(inherited)",
					"$(DEVELOPER_FRAMEWORKS_DIR)",
				);
				GCC_PRECOMPILE_PREFIX_HEADER = YES;
				GCC_PREFIX_HEADER = "MyProject/MyProject-Prefix.pch";
				INFOPLIST_FILE = "MyProjectTests/MyProjectTests-Info.plist";
				PRODUCT_NAME = "$(TARGET_NAME)";
				TEST_HOST = "$(BUNDLE_LOADER)";
				WRAPPER_EXTENSION = xctest;
			};
			name = Release;
		};
/* End XCBuildConfiguration section */

/* Begin XCConfigurationList section */
		4E7317FF1994B169005A82DC /* Build configuration list for PBXProject "MyProject" */ = {
			isa = XCConfigurationList;
			buildConfigurations = (
				4E7318341994B169005A82DC /* Debug */,
				4E7318351994B169005A82DC /* Release */,
			);
			defaultConfigurationIsVisible = 0;
			defaultConfigurationName = Release;
		};
		4E7318361994B169005A82DC /* Build configuration list for PBXNativeTarget "MyProject" */ = {
			isa = XCConfigurationList;
			buildConfigurations = (
				4E7318371994B169005A82DC /* Debug */,
				4E7318381994B169005A82DC /* Release */,
			);
			defaultConfigurationIsVisible = 0;
			defaultConfigurationName = Release;
		};
		4E7318391994B169005A82DC /* Build configuration list for PBXNativeTarget "MyProjectTests" */ = {
			isa = XCConfigurationList;
			buildConfigurations = (
				4E73183A1994B169005A82DC /* Debug */,
				4E73183B1994B169005A82DC /* Release */,
			);
			defaultConfigurationIsVisible = 0;
			defaultConfigurationName = Release;
		};
/* End XCConfigurationList section */
	};
	rootObject = 4E7317FC1994B169005A82DC /* Project object */;
}
